{
  "version": 4,
  "terraform_version": "1.11.3",
  "serial": 57,
  "lineage": "9a876300-fd8d-2498-283a-d44d6a97f0f3",
  "outputs": {
    "ec2_public_dns": {
      "value": "ec2-54-219-253-252.us-west-1.compute.amazonaws.com",
      "type": "string"
    },
    "ec2_public_ip": {
      "value": "54.219.253.252",
      "type": "string"
    }
  },
  "resources": [
    {
      "mode": "managed",
      "type": "aws_default_vpc",
      "name": "default",
      "provider": "provider[\"registry.terraform.io/hashicorp/aws\"]",
      "instances": [
        {
          "schema_version": 1,
          "attributes": {
            "arn": "arn:aws:ec2:us-west-1:008971664904:vpc/vpc-078cf80304f8b7d0a",
            "assign_generated_ipv6_cidr_block": false,
            "cidr_block": "172.31.0.0/16",
            "default_network_acl_id": "acl-05c83c41d0002d665",
            "default_route_table_id": "rtb-0b8a60f1818e95f5a",
            "default_security_group_id": "sg-0b74e06b4705df1fb",
            "dhcp_options_id": "dopt-0659e3af8a3e03fd6",
            "enable_dns_hostnames": true,
            "enable_dns_support": true,
            "enable_network_address_usage_metrics": false,
            "existing_default_vpc": true,
            "force_destroy": false,
            "id": "vpc-078cf80304f8b7d0a",
            "instance_tenancy": "default",
            "ipv6_association_id": "",
            "ipv6_cidr_block": "",
            "ipv6_cidr_block_network_border_group": "",
            "ipv6_ipam_pool_id": "",
            "ipv6_netmask_length": 0,
            "main_route_table_id": "rtb-0b8a60f1818e95f5a",
            "owner_id": "008971664904",
            "region": "us-west-1",
            "tags": {
              "Name": "Default VPC"
            },
            "tags_all": {
              "Name": "Default VPC"
            }
          },
          "sensitive_attributes": [],
          "private": "eyJzY2hlbWFfdmVyc2lvbiI6IjEifQ=="
        }
      ]
    },
    {
      "mode": "managed",
      "type": "aws_instance",
      "name": "my_instance",
      "provider": "provider[\"registry.terraform.io/hashicorp/aws\"]",
      "instances": [
        {
          "schema_version": 2,
          "attributes": {
            "ami": "ami-04f7a54071e74f488",
            "arn": "arn:aws:ec2:us-west-1:008971664904:instance/i-07019560b4fb81037",
            "associate_public_ip_address": true,
            "availability_zone": "us-west-1c",
            "capacity_reservation_specification": [
              {
                "capacity_reservation_preference": "open",
                "capacity_reservation_target": []
              }
            ],
            "cpu_options": [
              {
                "amd_sev_snp": "",
                "core_count": 1,
                "threads_per_core": 1
              }
            ],
            "credit_specification": [
              {
                "cpu_credits": "standard"
              }
            ],
            "disable_api_stop": false,
            "disable_api_termination": false,
            "ebs_block_device": [],
            "ebs_optimized": false,
            "enable_primary_ipv6": null,
            "enclave_options": [
              {
                "enabled": false
              }
            ],
            "ephemeral_block_device": [],
            "get_password_data": false,
            "hibernation": false,
            "host_id": "",
            "host_resource_group_arn": null,
            "iam_instance_profile": "",
            "id": "i-07019560b4fb81037",
            "instance_initiated_shutdown_behavior": "stop",
            "instance_lifecycle": "",
            "instance_market_options": [],
            "instance_state": "running",
            "instance_type": "t2.micro",
            "ipv6_address_count": 0,
            "ipv6_addresses": [],
            "key_name": "terra-key-ec2",
            "launch_template": [],
            "maintenance_options": [
              {
                "auto_recovery": "default"
              }
            ],
            "metadata_options": [
              {
                "http_endpoint": "enabled",
                "http_protocol_ipv6": "disabled",
                "http_put_response_hop_limit": 2,
                "http_tokens": "required",
                "instance_metadata_tags": "disabled"
              }
            ],
            "monitoring": false,
            "network_interface": [],
            "outpost_arn": "",
            "password_data": "",
            "placement_group": "",
            "placement_partition_number": 0,
            "primary_network_interface_id": "eni-09029de4cab5949e4",
            "private_dns": "ip-172-31-10-202.us-west-1.compute.internal",
            "private_dns_name_options": [
              {
                "enable_resource_name_dns_a_record": false,
                "enable_resource_name_dns_aaaa_record": false,
                "hostname_type": "ip-name"
              }
            ],
            "private_ip": "172.31.10.202",
            "public_dns": "ec2-54-219-253-252.us-west-1.compute.amazonaws.com",
            "public_ip": "54.219.253.252",
            "region": "us-west-1",
            "root_block_device": [
              {
                "delete_on_termination": true,
                "device_name": "/dev/sda1",
                "encrypted": false,
                "iops": 3000,
                "kms_key_id": "",
                "tags": null,
                "tags_all": {},
                "throughput": 125,
                "volume_id": "vol-06d4a413966864746",
                "volume_size": 15,
                "volume_type": "gp3"
              }
            ],
            "secondary_private_ips": [],
            "security_groups": [
              "automate-sg"
            ],
            "source_dest_check": true,
            "spot_instance_request_id": "",
            "subnet_id": "subnet-03f4120d3fe892b62",
            "tags": {
              "Name": "TERRA-DEMO-SERVER"
            },
            "tags_all": {
              "Name": "TERRA-DEMO-SERVER"
            },
            "tenancy": "default",
            "timeouts": null,
            "user_data": "#!/bin/bash\nsudo apt-get update\nsudo apt-get install nginx -y\nsudo systemctl start nginx\nsudo systemctl enable nginx\n#echo \"\u003ch1\u003e Terraform in one video by Kishor Patil\u003c/h1\u003e\" \u003e /var/www/html/index.html\nsudo bash -c 'cat \u003e /var/www/html/index.html' \u003c\u003cEOF\n\u003c!DOCTYPE html\u003e\n\u003chtml lang=\"en\"\u003e\n\u003chead\u003e\n  \u003cmeta charset=\"UTF-8\"\u003e\n  \u003ctitle\u003eTerraform by Kishor Patil\u003c/title\u003e\n  \u003cstyle\u003e\n    body {\n      background: linear-gradient(to right, #4facfe, #00f2fe);\n      color: #fff;\n      font-family: \"Segoe UI\", Tahoma, Geneva, Verdana, sans-serif;\n      display: flex;\n      flex-direction: column;\n      justify-content: center;\n      align-items: center;\n      height: 100vh;\n      margin: 0;\n    }\n    h1 {\n      font-size: 3em;\n      margin-bottom: 0.5em;\n    }\n    p {\n      font-size: 1.2em;\n    }\n    .box {\n      background-color: rgba(255, 255, 255, 0.1);\n      padding: 2em;\n      border-radius: 10px;\n      box-shadow: 0 8px 16px rgba(0, 0, 0, 0.2);\n      text-align: center;\n    }\n  \u003c/style\u003e\n\u003c/head\u003e\n\u003cbody\u003e\n  \u003cdiv class=\"box\"\u003e\n    \u003ch1\u003eTerraform in One Video\u003c/h1\u003e\n    \u003cp\u003eby Kishor Patil\u003c/p\u003e\n  \u003c/div\u003e\n\u003c/body\u003e\n\u003c/html\u003e\nEOF\n",
            "user_data_base64": null,
            "user_data_replace_on_change": false,
            "volume_tags": null,
            "vpc_security_group_ids": [
              "sg-01024ddb5ad9247d9"
            ]
          },
          "sensitive_attributes": [],
          "private": "eyJlMmJmYjczMC1lY2FhLTExZTYtOGY4OC0zNDM2M2JjN2M0YzAiOnsiY3JlYXRlIjo2MDAwMDAwMDAwMDAsImRlbGV0ZSI6MTIwMDAwMDAwMDAwMCwicmVhZCI6OTAwMDAwMDAwMDAwLCJ1cGRhdGUiOjYwMDAwMDAwMDAwMH0sInNjaGVtYV92ZXJzaW9uIjoiMiJ9",
          "dependencies": [
            "aws_default_vpc.default",
            "aws_key_pair.my_key",
            "aws_security_group.my_security_group"
          ]
        }
      ]
    },
    {
      "mode": "managed",
      "type": "aws_key_pair",
      "name": "my_key",
      "provider": "provider[\"registry.terraform.io/hashicorp/aws\"]",
      "instances": [
        {
          "schema_version": 1,
          "attributes": {
            "arn": "arn:aws:ec2:us-west-1:008971664904:key-pair/terra-key-ec2",
            "fingerprint": "4UbbW2SOCLAddl1pXGHu1jB0Oqnio0r36C+yKtKWILc=",
            "id": "terra-key-ec2",
            "key_name": "terra-key-ec2",
            "key_name_prefix": "",
            "key_pair_id": "key-067f986c438407780",
            "key_type": "ed25519",
            "public_key": "ssh-ed25519 AAAAC3NzaC1lZDI1NTE5AAAAIJIINkV6SeeiamI2tinMiRkJwKqZ3fFzRRY8PMV8jZZU kishor@kishor-ThinkPad-T470-W10DG",
            "region": "us-west-1",
            "tags": null,
            "tags_all": {}
          },
          "sensitive_attributes": [],
          "private": "eyJzY2hlbWFfdmVyc2lvbiI6IjEifQ=="
        }
      ]
    },
    {
      "mode": "managed",
      "type": "aws_security_group",
      "name": "my_security_group",
      "provider": "provider[\"registry.terraform.io/hashicorp/aws\"]",
      "instances": [
        {
          "schema_version": 1,
          "attributes": {
            "arn": "arn:aws:ec2:us-west-1:008971664904:security-group/sg-01024ddb5ad9247d9",
            "description": "This will add a TF security group",
            "egress": [
              {
                "cidr_blocks": [
                  "0.0.0.0/0"
                ],
                "description": "Allow all outbound traffic",
                "from_port": 0,
                "ipv6_cidr_blocks": [],
                "prefix_list_ids": [],
                "protocol": "-1",
                "security_groups": [],
                "self": false,
                "to_port": 0
              }
            ],
            "id": "sg-01024ddb5ad9247d9",
            "ingress": [
              {
                "cidr_blocks": [
                  "0.0.0.0/0"
                ],
                "description": "Flask app",
                "from_port": 8000,
                "ipv6_cidr_blocks": [],
                "prefix_list_ids": [],
                "protocol": "tcp",
                "security_groups": [],
                "self": false,
                "to_port": 8000
              },
              {
                "cidr_blocks": [
                  "0.0.0.0/0"
                ],
                "description": "HTTP open",
                "from_port": 80,
                "ipv6_cidr_blocks": [],
                "prefix_list_ids": [],
                "protocol": "tcp",
                "security_groups": [],
                "self": false,
                "to_port": 80
              },
              {
                "cidr_blocks": [
                  "0.0.0.0/0"
                ],
                "description": "SSH open",
                "from_port": 22,
                "ipv6_cidr_blocks": [],
                "prefix_list_ids": [],
                "protocol": "tcp",
                "security_groups": [],
                "self": false,
                "to_port": 22
              }
            ],
            "name": "automate-sg",
            "name_prefix": "",
            "owner_id": "008971664904",
            "region": "us-west-1",
            "revoke_rules_on_delete": false,
            "tags": {
              "Name": "automate-sg"
            },
            "tags_all": {
              "Name": "automate-sg"
            },
            "timeouts": null,
            "vpc_id": "vpc-078cf80304f8b7d0a"
          },
          "sensitive_attributes": [],
          "private": "eyJlMmJmYjczMC1lY2FhLTExZTYtOGY4OC0zNDM2M2JjN2M0YzAiOnsiY3JlYXRlIjo2MDAwMDAwMDAwMDAsImRlbGV0ZSI6OTAwMDAwMDAwMDAwfSwic2NoZW1hX3ZlcnNpb24iOiIxIn0=",
          "dependencies": [
            "aws_default_vpc.default"
          ]
        }
      ]
    }
  ],
  "check_results": null
}
